// !$*UTF8*$!
{
	archiveVersion = 1;
	classes = {
	};
	objectVersion = 46;
	objects = {

/* Begin PBXBuildFile section */
		424EE25A1C7554C1009E0743 /* Game.m in Sources */ = {isa = PBXBuildFile; fileRef = 424EE2591C7554C1009E0743 /* Game.m */; };
		424EE25E1C756A83009E0743 /* FourImageTableViewCell.m in Sources */ = {isa = PBXBuildFile; fileRef = 424EE25C1C756A83009E0743 /* FourImageTableViewCell.m */; };
		424EE25F1C756A83009E0743 /* FourImageTableViewCell.xib in Resources */ = {isa = PBXBuildFile; fileRef = 424EE25D1C756A83009E0743 /* FourImageTableViewCell.xib */; };
		424EE2621C75738B009E0743 /* gift_item@2x.png in Resources */ = {isa = PBXBuildFile; fileRef = 424EE2611C75738B009E0743 /* gift_item@2x.png */; };
		424EE2641C75739C009E0743 /* forum_item@2x.png in Resources */ = {isa = PBXBuildFile; fileRef = 424EE2631C75739C009E0743 /* forum_item@2x.png */; };
		424EE2661C7573A8009E0743 /* necessary_item@2x.png in Resources */ = {isa = PBXBuildFile; fileRef = 424EE2651C7573A8009E0743 /* necessary_item@2x.png */; };
		424EE2681C7573BF009E0743 /* timeFree@2x.png in Resources */ = {isa = PBXBuildFile; fileRef = 424EE2671C7573BF009E0743 /* timeFree@2x.png */; };
		425657981C746A4D0098F114 /* main.m in Sources */ = {isa = PBXBuildFile; fileRef = 425657971C746A4D0098F114 /* main.m */; };
		4256579B1C746A4D0098F114 /* AppDelegate.m in Sources */ = {isa = PBXBuildFile; fileRef = 4256579A1C746A4D0098F114 /* AppDelegate.m */; };
		4256579E1C746A4D0098F114 /* ViewController.m in Sources */ = {isa = PBXBuildFile; fileRef = 4256579D1C746A4D0098F114 /* ViewController.m */; };
		425657A11C746A4D0098F114 /* Main.storyboard in Resources */ = {isa = PBXBuildFile; fileRef = 4256579F1C746A4D0098F114 /* Main.storyboard */; };
		425657A31C746A4D0098F114 /* Images.xcassets in Resources */ = {isa = PBXBuildFile; fileRef = 425657A21C746A4D0098F114 /* Images.xcassets */; };
		425657A61C746A4D0098F114 /* LaunchScreen.xib in Resources */ = {isa = PBXBuildFile; fileRef = 425657A41C746A4D0098F114 /* LaunchScreen.xib */; };
		425657B21C746A4E0098F114 /* TableViewTestTests.m in Sources */ = {isa = PBXBuildFile; fileRef = 425657B11C746A4E0098F114 /* TableViewTestTests.m */; };
		425657BC1C746A8A0098F114 /* MainView.xib in Resources */ = {isa = PBXBuildFile; fileRef = 425657BB1C746A8A0098F114 /* MainView.xib */; };
		425657C81C7488EF0098F114 /* MyTableViewCell.m in Sources */ = {isa = PBXBuildFile; fileRef = 425657C61C7488EF0098F114 /* MyTableViewCell.m */; };
		425657C91C7488EF0098F114 /* MyTableViewCell.xib in Resources */ = {isa = PBXBuildFile; fileRef = 425657C71C7488EF0098F114 /* MyTableViewCell.xib */; };
		425657CB1C74899A0098F114 /* Icon.png in Resources */ = {isa = PBXBuildFile; fileRef = 425657CA1C74899A0098F114 /* Icon.png */; };
/* End PBXBuildFile section */

/* Begin PBXContainerItemProxy section */
		425657AC1C746A4E0098F114 /* PBXContainerItemProxy */ = {
			isa = PBXContainerItemProxy;
			containerPortal = 4256578A1C746A4D0098F114 /* Project object */;
			proxyType = 1;
			remoteGlobalIDString = 425657911C746A4D0098F114;
			remoteInfo = TableViewTest;
		};
/* End PBXContainerItemProxy section */

/* Begin PBXFileReference section */
		424EE2581C7554C1009E0743 /* Game.h */ = {isa = PBXFileReference; fileEncoding = 4; lastKnownFileType = sourcecode.c.h; path = Game.h; sourceTree = "<group>"; };
		424EE2591C7554C1009E0743 /* Game.m */ = {isa = PBXFileReference; fileEncoding = 4; lastKnownFileType = sourcecode.c.objc; path = Game.m; sourceTree = "<group>"; };
		424EE25B1C756A83009E0743 /* FourImageTableViewCell.h */ = {isa = PBXFileReference; fileEncoding = 4; lastKnownFileType = sourcecode.c.h; path = FourImageTableViewCell.h; sourceTree = "<group>"; };
		424EE25C1C756A83009E0743 /* FourImageTableViewCell.m */ = {isa = PBXFileReference; fileEncoding = 4; lastKnownFileType = sourcecode.c.objc; path = FourImageTableViewCell.m; sourceTree = "<group>"; };
		424EE25D1C756A83009E0743 /* FourImageTableViewCell.xib */ = {isa = PBXFileReference; fileEncoding = 4; lastKnownFileType = file.xib; path = FourImageTableViewCell.xib; sourceTree = "<group>"; };
		424EE2611C75738B009E0743 /* gift_item@2x.png */ = {isa = PBXFileReference; lastKnownFileType = image.png; path = "gift_item@2x.png"; sourceTree = "<group>"; };
		424EE2631C75739C009E0743 /* forum_item@2x.png */ = {isa = PBXFileReference; lastKnownFileType = image.png; path = "forum_item@2x.png"; sourceTree = "<group>"; };
		424EE2651C7573A8009E0743 /* necessary_item@2x.png */ = {isa = PBXFileReference; lastKnownFileType = image.png; path = "necessary_item@2x.png"; sourceTree = "<group>"; };
		424EE2671C7573BF009E0743 /* timeFree@2x.png */ = {isa = PBXFileReference; lastKnownFileType = image.png; path = "timeFree@2x.png"; sourceTree = "<group>"; };
		425657921C746A4D0098F114 /* TableViewTest.app */ = {isa = PBXFileReference; explicitFileType = wrapper.application; includeInIndex = 0; path = TableViewTest.app; sourceTree = BUILT_PRODUCTS_DIR; };
		425657961C746A4D0098F114 /* Info.plist */ = {isa = PBXFileReference; lastKnownFileType = text.plist.xml; path = Info.plist; sourceTree = "<group>"; };
		425657971C746A4D0098F114 /* main.m */ = {isa = PBXFileReference; lastKnownFileType = sourcecode.c.objc; path = main.m; sourceTree = "<group>"; };
		425657991C746A4D0098F114 /* AppDelegate.h */ = {isa = PBXFileReference; lastKnownFileType = sourcecode.c.h; path = AppDelegate.h; sourceTree = "<group>"; };
		4256579A1C746A4D0098F114 /* AppDelegate.m */ = {isa = PBXFileReference; lastKnownFileType = sourcecode.c.objc; path = AppDelegate.m; sourceTree = "<group>"; };
		4256579C1C746A4D0098F114 /* ViewController.h */ = {isa = PBXFileReference; lastKnownFileType = sourcecode.c.h; path = ViewController.h; sourceTree = "<group>"; };
		4256579D1C746A4D0098F114 /* ViewController.m */ = {isa = PBXFileReference; lastKnownFileType = sourcecode.c.objc; path = ViewController.m; sourceTree = "<group>"; };
		425657A01C746A4D0098F114 /* Base */ = {isa = PBXFileReference; lastKnownFileType = file.storyboard; name = Base; path = Base.lproj/Main.storyboard; sourceTree = "<group>"; };
		425657A21C746A4D0098F114 /* Images.xcassets */ = {isa = PBXFileReference; lastKnownFileType = folder.assetcatalog; path = Images.xcassets; sourceTree = "<group>"; };
		425657A51C746A4D0098F114 /* Base */ = {isa = PBXFileReference; lastKnownFileType = file.xib; name = Base; path = Base.lproj/LaunchScreen.xib; sourceTree = "<group>"; };
		425657AB1C746A4E0098F114 /* TableViewTestTests.xctest */ = {isa = PBXFileReference; explicitFileType = wrapper.cfbundle; includeInIndex = 0; path = TableViewTestTests.xctest; sourceTree = BUILT_PRODUCTS_DIR; };
		425657B01C746A4E0098F114 /* Info.plist */ = {isa = PBXFileReference; lastKnownFileType = text.plist.xml; path = Info.plist; sourceTree = "<group>"; };
		425657B11C746A4E0098F114 /* TableViewTestTests.m */ = {isa = PBXFileReference; lastKnownFileType = sourcecode.c.objc; path = TableViewTestTests.m; sourceTree = "<group>"; };
		425657BB1C746A8A0098F114 /* MainView.xib */ = {isa = PBXFileReference; fileEncoding = 4; lastKnownFileType = file.xib; path = MainView.xib; sourceTree = "<group>"; };
		425657C51C7488EF0098F114 /* MyTableViewCell.h */ = {isa = PBXFileReference; fileEncoding = 4; lastKnownFileType = sourcecode.c.h; path = MyTableViewCell.h; sourceTree = "<group>"; };
		425657C61C7488EF0098F114 /* MyTableViewCell.m */ = {isa = PBXFileReference; fileEncoding = 4; lastKnownFileType = sourcecode.c.objc; path = MyTableViewCell.m; sourceTree = "<group>"; };
		425657C71C7488EF0098F114 /* MyTableViewCell.xib */ = {isa = PBXFileReference; fileEncoding = 4; lastKnownFileType = file.xib; path = MyTableViewCell.xib; sourceTree = "<group>"; };
		425657CA1C74899A0098F114 /* Icon.png */ = {isa = PBXFileReference; lastKnownFileType = image.png; path = Icon.png; sourceTree = "<group>"; };
/* End PBXFileReference section */

/* Begin PBXFrameworksBuildPhase section */
		4256578F1C746A4D0098F114 /* Frameworks */ = {
			isa = PBXFrameworksBuildPhase;
			buildActionMask = 2147483647;
			files = (
			);
			runOnlyForDeploymentPostprocessing = 0;
		};
		425657A81C746A4E0098F114 /* Frameworks */ = {
			isa = PBXFrameworksBuildPhase;
			buildActionMask = 2147483647;
			files = (
			);
			runOnlyForDeploymentPostprocessing = 0;
		};
/* End PBXFrameworksBuildPhase section */

/* Begin PBXGroup section */
		424EE2571C755494009E0743 /* Model */ = {
			isa = PBXGroup;
			children = (
				424EE2581C7554C1009E0743 /* Game.h */,
				424EE2591C7554C1009E0743 /* Game.m */,
			);
			name = Model;
			sourceTree = "<group>";
		};
		424EE2601C75736F009E0743 /* resource */ = {
			isa = PBXGroup;
			children = (
				424EE2671C7573BF009E0743 /* timeFree@2x.png */,
				424EE2651C7573A8009E0743 /* necessary_item@2x.png */,
				424EE2631C75739C009E0743 /* forum_item@2x.png */,
				424EE2611C75738B009E0743 /* gift_item@2x.png */,
				425657CA1C74899A0098F114 /* Icon.png */,
			);
			name = resource;
			sourceTree = "<group>";
		};
		425657891C746A4D0098F114 = {
			isa = PBXGroup;
			children = (
				425657941C746A4D0098F114 /* TableViewTest */,
				425657AE1C746A4E0098F114 /* TableViewTestTests */,
				425657931C746A4D0098F114 /* Products */,
			);
			sourceTree = "<group>";
		};
		425657931C746A4D0098F114 /* Products */ = {
			isa = PBXGroup;
			children = (
				425657921C746A4D0098F114 /* TableViewTest.app */,
				425657AB1C746A4E0098F114 /* TableViewTestTests.xctest */,
			);
			name = Products;
			sourceTree = "<group>";
		};
		425657941C746A4D0098F114 /* TableViewTest */ = {
			isa = PBXGroup;
			children = (
				424EE2571C755494009E0743 /* Model */,
				425657991C746A4D0098F114 /* AppDelegate.h */,
				4256579A1C746A4D0098F114 /* AppDelegate.m */,
				4256579C1C746A4D0098F114 /* ViewController.h */,
				4256579D1C746A4D0098F114 /* ViewController.m */,
				425657BB1C746A8A0098F114 /* MainView.xib */,
				425657C51C7488EF0098F114 /* MyTableViewCell.h */,
				425657C61C7488EF0098F114 /* MyTableViewCell.m */,
				425657C71C7488EF0098F114 /* MyTableViewCell.xib */,
				424EE25B1C756A83009E0743 /* FourImageTableViewCell.h */,
				424EE25C1C756A83009E0743 /* FourImageTableViewCell.m */,
				424EE25D1C756A83009E0743 /* FourImageTableViewCell.xib */,
				425657A21C746A4D0098F114 /* Images.xcassets */,
				425657951C746A4D0098F114 /* Supporting Files */,
				425657A41C746A4D0098F114 /* LaunchScreen.xib */,
				4256579F1C746A4D0098F114 /* Main.storyboard */,
			);
			path = TableViewTest;
			sourceTree = "<group>";
		};
		425657951C746A4D0098F114 /* Supporting Files */ = {
			isa = PBXGroup;
			children = (
				424EE2601C75736F009E0743 /* resource */,
				425657961C746A4D0098F114 /* Info.plist */,
				425657971C746A4D0098F114 /* main.m */,
			);
			name = "Supporting Files";
			sourceTree = "<group>";
		};
		425657AE1C746A4E0098F114 /* TableViewTestTests */ = {
			isa = PBXGroup;
			children = (
				425657B11C746A4E0098F114 /* TableViewTestTests.m */,
				425657AF1C746A4E0098F114 /* Supporting Files */,
			);
			path = TableViewTestTests;
			sourceTree = "<group>";
		};
		425657AF1C746A4E0098F114 /* Supporting Files */ = {
			isa = PBXGroup;
			children = (
				425657B01C746A4E0098F114 /* Info.plist */,
			);
			name = "Supporting Files";
			sourceTree = "<group>";
		};
/* End PBXGroup section */

/* Begin PBXNativeTarget section */
		425657911C746A4D0098F114 /* TableViewTest */ = {
			isa = PBXNativeTarget;
			buildConfigurationList = 425657B51C746A4E0098F114 /* Build configuration list for PBXNativeTarget "TableViewTest" */;
			buildPhases = (
				4256578E1C746A4D0098F114 /* Sources */,
				4256578F1C746A4D0098F114 /* Frameworks */,
				425657901C746A4D0098F114 /* Resources */,
			);
			buildRules = (
			);
			dependencies = (
			);
			name = TableViewTest;
			productName = TableViewTest;
			productReference = 425657921C746A4D0098F114 /* TableViewTest.app */;
			productType = "com.apple.product-type.application";
		};
		425657AA1C746A4E0098F114 /* TableViewTestTests */ = {
			isa = PBXNativeTarget;
			buildConfigurationList = 425657B81C746A4E0098F114 /* Build configuration list for PBXNativeTarget "TableViewTestTests" */;
			buildPhases = (
				425657A71C746A4E0098F114 /* Sources */,
				425657A81C746A4E0098F114 /* Frameworks */,
				425657A91C746A4E0098F114 /* Resources */,
			);
			buildRules = (
			);
			dependencies = (
				425657AD1C746A4E0098F114 /* PBXTargetDependency */,
			);
			name = TableViewTestTests;
			productName = TableViewTestTests;
			productReference = 425657AB1C746A4E0098F114 /* TableViewTestTests.xctest */;
			productType = "com.apple.product-type.bundle.unit-test";
		};
/* End PBXNativeTarget section */

/* Begin PBXProject section */
		4256578A1C746A4D0098F114 /* Project object */ = {
			isa = PBXProject;
			attributes = {
				LastUpgradeCheck = 0640;
				ORGANIZATIONNAME = "周子尧";
				TargetAttributes = {
					425657911C746A4D0098F114 = {
						CreatedOnToolsVersion = 6.4;
					};
					425657AA1C746A4E0098F114 = {
						CreatedOnToolsVersion = 6.4;
						TestTargetID = 425657911C746A4D0098F114;
					};
				};
			};
			buildConfigurationList = 4256578D1C746A4D0098F114 /* Build configuration list for PBXProject "TableViewTest" */;
			compatibilityVersion = "Xcode 3.2";
			developmentRegion = English;
			hasScannedForEncodings = 0;
			knownRegions = (
				en,
				Base,
			);
			mainGroup = 425657891C746A4D0098F114;
			productRefGroup = 425657931C746A4D0098F114 /* Products */;
			projectDirPath = "";
			projectRoot = "";
			targets = (
				425657911C746A4D0098F114 /* TableViewTest */,
				425657AA1C746A4E0098F114 /* TableViewTestTests */,
			);
		};
/* End PBXProject section */

/* Begin PBXResourcesBuildPhase section */
		425657901C746A4D0098F114 /* Resources */ = {
			isa = PBXResourcesBuildPhase;
			buildActionMask = 2147483647;
			files = (
				424EE2641C75739C009E0743 /* forum_item@2x.png in Resources */,
				425657CB1C74899A0098F114 /* Icon.png in Resources */,
				424EE2621C75738B009E0743 /* gift_item@2x.png in Resources */,
				425657C91C7488EF0098F114 /* MyTableViewCell.xib in Resources */,
				424EE2681C7573BF009E0743 /* timeFree@2x.png in Resources */,
				425657A11C746A4D0098F114 /* Main.storyboard in Resources */,
				424EE25F1C756A83009E0743 /* FourImageTableViewCell.xib in Resources */,
				425657BC1C746A8A0098F114 /* MainView.xib in Resources */,
				425657A61C746A4D0098F114 /* LaunchScreen.xib in Resources */,
				425657A31C746A4D0098F114 /* Images.xcassets in Resources */,
				424EE2661C7573A8009E0743 /* necessary_item@2x.png in Resources */,
			);
			runOnlyForDeploymentPostprocessing = 0;
		};
		425657A91C746A4E0098F114 /* Resources */ = {
			isa = PBXResourcesBuildPhase;
			buildActionMask = 2147483647;
			files = (
			);
			runOnlyForDeploymentPostprocessing = 0;
		};
/* End PBXResourcesBuildPhase section */

/* Begin PBXSourcesBuildPhase section */
		4256578E1C746A4D0098F114 /* Sources */ = {
			isa = PBXSourcesBuildPhase;
			buildActionMask = 2147483647;
			files = (
				424EE25E1C756A83009E0743 /* FourImageTableViewCell.m in Sources */,
				4256579E1C746A4D0098F114 /* ViewController.m in Sources */,
				425657C81C7488EF0098F114 /* MyTableViewCell.m in Sources */,
				424EE25A1C7554C1009E0743 /* Game.m in Sources */,
				4256579B1C746A4D0098F114 /* AppDelegate.m in Sources */,
				425657981C746A4D0098F114 /* main.m in Sources */,
			);
			runOnlyForDeploymentPostprocessing = 0;
		};
		425657A71C746A4E0098F114 /* Sources */ = {
			isa = PBXSourcesBuildPhase;
			buildActionMask = 2147483647;
			files = (
				425657B21C746A4E0098F114 /* TableViewTestTests.m in Sources */,
			);
			runOnlyForDeploymentPostprocessing = 0;
		};
/* End PBXSourcesBuildPhase section */

/* Begin PBXTargetDependency section */
		425657AD1C746A4E0098F114 /* PBXTargetDependency */ = {
			isa = PBXTargetDependency;
			target = 425657911C746A4D0098F114 /* TableViewTest */;
			targetProxy = 425657AC1C746A4E0098F114 /* PBXContainerItemProxy */;
		};
/* End PBXTargetDependency section */

/* Begin PBXVariantGroup section */
		4256579F1C746A4D0098F114 /* Main.storyboard */ = {
			isa = PBXVariantGroup;
			children = (
				425657A01C746A4D0098F114 /* Base */,
			);
			name = Main.storyboard;
			sourceTree = "<group>";
		};
		425657A41C746A4D0098F114 /* LaunchScreen.xib */ = {
			isa = PBXVariantGroup;
			children = (
				425657A51C746A4D0098F114 /* Base */,
			);
			name = LaunchScreen.xib;
			sourceTree = "<group>";
		};
/* End PBXVariantGroup section */

/* Begin XCBuildConfiguration section */
		425657B31C746A4E0098F114 /* Debug */ = {
			isa = XCBuildConfiguration;
			buildSettings = {
				ALWAYS_SEARCH_USER_PATHS = NO;
				CLANG_CXX_LANGUAGE_STANDARD = "gnu++0x";
				CLANG_CXX_LIBRARY = "libc++";
				CLANG_ENABLE_MODULES = YES;
				CLANG_ENABLE_OBJC_ARC = YES;
				CLANG_WARN_BOOL_CONVERSION = YES;
				CLANG_WARN_CONSTANT_CONVERSION = YES;
				CLANG_WARN_DIRECT_OBJC_ISA_USAGE = YES_ERROR;
				CLANG_WARN_EMPTY_BODY = YES;
				CLANG_WARN_ENUM_CONVERSION = YES;
				CLANG_WARN_INT_CONVERSION = YES;
				CLANG_WARN_OBJC_ROOT_CLASS = YES_ERROR;
				CLANG_WARN_UNREACHABLE_CODE = YES;
				CLANG_WARN__DUPLICATE_METHOD_MATCH = YES;
				"CODE_SIGN_IDENTITY[sdk=iphoneos*]" = "iPhone Developer";
				COPY_PHASE_STRIP = NO;
				DEBUG_INFORMATION_FORMAT = "dwarf-with-dsym";
				ENABLE_STRICT_OBJC_MSGSEND = YES;
				GCC_C_LANGUAGE_STANDARD = gnu99;
				GCC_DYNAMIC_NO_PIC = NO;
				GCC_NO_COMMON_BLOCKS = YES;
				GCC_OPTIMIZATION_LEVEL = 0;
				GCC_PREPROCESSOR_DEFINITIONS = (
					"DEBUG=1",
					"$(inherited)",
				);
				GCC_SYMBOLS_PRIVATE_EXTERN = NO;
				GCC_WARN_64_TO_32_BIT_CONVERSION = YES;
				GCC_WARN_ABOUT_RETURN_TYPE = YES_ERROR;
				GCC_WARN_UNDECLARED_SELECTOR = YES;
				GCC_WARN_UNINITIALIZED_AUTOS = YES_AGGRESSIVE;
				GCC_WARN_UNUSED_FUNCTION = YES;
				GCC_WARN_UNUSED_VARIABLE = YES;
				IPHONEOS_DEPLOYMENT_TARGET = 8.4;
				MTL_ENABLE_DEBUG_INFO = YES;
				ONLY_ACTIVE_ARCH = YES;
				SDKROOT = iphoneos;
				TARGETED_DEVICE_FAMILY = "1,2";
			};
			name = Debug;
		};
		425657B41C746A4E0098F114 /* Release */ = {
			isa = XCBuildConfiguration;
			buildSettings = {
				ALWAYS_SEARCH_USER_PATHS = NO;
				CLANG_CXX_LANGUAGE_STANDARD = "gnu++0x";
				CLANG_CXX_LIBRARY = "libc++";
				CLANG_ENABLE_MODULES = YES;
				CLANG_ENABLE_OBJC_ARC = YES;
				CLANG_WARN_BOOL_CONVERSION = YES;
				CLANG_WARN_CONSTANT_CONVERSION = YES;
				CLANG_WARN_DIRECT_OBJC_ISA_USAGE = YES_ERROR;
				CLANG_WARN_EMPTY_BODY = YES;
				CLANG_WARN_ENUM_CONVERSION = YES;
				CLANG_WARN_INT_CONVERSION = YES;
				CLANG_WARN_OBJC_ROOT_CLASS = YES_ERROR;
				CLANG_WARN_UNREACHABLE_CODE = YES;
				CLANG_WARN__DUPLICATE_METHOD_MATCH = YES;
				"CODE_SIGN_IDENTITY[sdk=iphoneos*]" = "iPhone Developer";
				COPY_PHASE_STRIP = NO;
				DEBUG_INFORMATION_FORMAT = "dwarf-with-dsym";
				ENABLE_NS_ASSERTIONS = NO;
				ENABLE_STRICT_OBJC_MSGSEND = YES;
				GCC_C_LANGUAGE_STANDARD = gnu99;
				GCC_NO_COMMON_BLOCKS = YES;
				GCC_WARN_64_TO_32_BIT_CONVERSION = YES;
				GCC_WARN_ABOUT_RETURN_TYPE = YES_ERROR;
				GCC_WARN_UNDECLARED_SELECTOR = YES;
				GCC_WARN_UNINITIALIZED_AUTOS = YES_AGGRESSIVE;
				GCC_WARN_UNUSED_FUNCTION = YES;
				GCC_WARN_UNUSED_VARIABLE = YES;
				IPHONEOS_DEPLOYMENT_TARGET = 8.4;
				MTL_ENABLE_DEBUG_INFO = NO;
				SDKROOT = iphoneos;
				TARGETED_DEVICE_FAMILY = "1,2";
				VALIDATE_PRODUCT = YES;
			};
			name = Release;
		};
		425657B61C746A4E0098F114 /* Debug */ = {
			isa = XCBuildConfiguration;
			buildSettings = {
				ASSETCATALOG_COMPILER_APPICON_NAME = AppIcon;
				INFOPLIST_FILE = TableViewTest/Info.plist;
				LD_RUNPATH_SEARCH_PATHS = "$(inherited) @executable_path/Frameworks";
				PRODUCT_NAME = "$(TARGET_NAME)";
			};
			name = Debug;
		};
		425657B71C746A4E0098F114 /* Release */ = {
			isa = XCBuildConfiguration;
			buildSettings = {
				ASSETCATALOG_COMPILER_APPICON_NAME = AppIcon;
				INFOPLIST_FILE = TableViewTest/Info.plist;
				LD_RUNPATH_SEARCH_PATHS = "$(inherited) @executable_path/Frameworks";
				PRODUCT_NAME = "$(TARGET_NAME)";
			};
			name = Release;
		};
		425657B91C746A4E0098F114 /* Debug */ = {
			isa = XCBuildConfiguration;
			buildSettings = {
				BUNDLE_LOADER = "$(TEST_HOST)";
				FRAMEWORK_SEARCH_PATHS = (
					"$(SDKROOT)/Developer/Library/Frameworks",
					"$(inherited)",
				);
				GCC_PREPROCESSOR_DEFINITIONS = (
					"DEBUG=1",
					"$(inherited)",
				);
				INFOPLIST_FILE = TableViewTestTests/Info.plist;
				LD_RUNPATH_SEARCH_PATHS = "$(inherited) @executable_path/Frameworks @loader_path/Frameworks";
				PRODUCT_NAME = "$(TARGET_NAME)";
				TEST_HOST = "$(BUILT_PRODUCTS_DIR)/TableViewTest.app/TableViewTest";
			};
			name = Debug;
		};
		425657BA1C746A4E0098F114 /* Release */ = {
			isa = XCBuildConfiguration;
			buildSettings = {
				BUNDLE_LOADER = "$(TEST_HOST)";
				FRAMEWORK_SEARCH_PATHS = (
					"$(SDKROOT)/Developer/Library/Frameworks",
					"$(inherited)",
				);
				INFOPLIST_FILE = TableViewTestTests/Info.plist;
				LD_RUNPATH_SEARCH_PATHS = "$(inherited) @executable_path/Frameworks @loader_path/Frameworks";
				PRODUCT_NAME = "$(TARGET_NAME)";
				TEST_HOST = "$(BUILT_PRODUCTS_DIR)/TableViewTest.app/TableViewTest";
			};
			name = Release;
		};
/* End XCBuildConfiguration section */

/* Begin XCConfigurationList section */
		4256578D1C746A4D0098F114 /* Build configuration list for PBXProject "TableViewTest" */ = {
			isa = XCConfigurationList;
			buildConfigurations = (
				425657B31C746A4E0098F114 /* Debug */,
				425657B41C746A4E0098F114 /* Release */,
			);
			defaultConfigurationIsVisible = 0;
			defaultConfigurationName = Release;
		};
		425657B51C746A4E0098F114 /* Build configuration list for PBXNativeTarget "TableViewTest" */ = {
			isa = XCConfigurationList;
			buildConfigurations = (
				425657B61C746A4E0098F114 /* Debug */,
				425657B71C746A4E0098F114 /* Release */,
			);
			defaultConfigurationIsVisible = 0;
			defaultConfigurationName = Release;
		};
		425657B81C746A4E0098F114 /* Build configuration list for PBXNativeTarget "TableViewTestTests" */ = {
			isa = XCConfigurationList;
			buildConfigurations = (
				425657B91C746A4E0098F114 /* Debug */,
				425657BA1C746A4E0098F114 /* Release */,
			);
			defaultConfigurationIsVisible = 0;
			defaultConfigurationName = Release;
		};
/* End XCConfigurationList section */
	};
	rootObject = 4256578A1C746A4D0098F114 /* Project object */;
}
